
Microsoft Visual Studio Solution File, Format Version 12.00
# Visual Studio Version 17
VisualStudioVersion = 17.8.34511.84
MinimumVisualStudioVersion = 10.0.40219.1
Project("{FAE04EC0-301F-11D3-BF4B-00C04F79EFBC}") = "Scarpe&Co", "Scarpe&Co\Scarpe&Co.csproj", "{4E4DDB74-0E49-4137-9BCE-A54AC6A6CE2E}"
EndProject
Global
	GlobalSection(SolutionConfigurationPlatforms) = preSolution
		Debug|Any CPU = Debug|Any CPU
		Release|Any CPU = Release|Any CPU
	EndGlobalSection
	GlobalSection(ProjectConfigurationPlatforms) = postSolution
		{4E4DDB74-0E49-4137-9BCE-A54AC6A6CE2E}.Debug|Any CPU.ActiveCfg = Debug|Any CPU
		{4E4DDB74-0E49-4137-9BCE-A54AC6A6CE2E}.Debug|Any CPU.Build.0 = Debug|Any CPU
		{4E4DDB74-0E49-4137-9BCE-A54AC6A6CE2E}.Release|Any CPU.ActiveCfg = Release|Any CPU
		{4E4DDB74-0E49-4137-9BCE-A54AC6A6CE2E}.Release|Any CPU.Build.0 = Release|Any CPU
	EndGlobalSection
	GlobalSection(SolutionProperties) = preSolution
		HideSolutionNode = FALSE
	EndGlobalSection
	GlobalSection(ExtensibilityGlobals) = postSolution
		SolutionGuid = {6B3B09C8-FB92-49CB-A6A2-CCC277385A72}
	EndGlobalSection
EndGlobal
